
Microsoft Visual Studio Solution File, Format Version 12.00
# Visual Studio Version 16
VisualStudioVersion = 16.0.31129.286
MinimumVisualStudioVersion = 10.0.40219.1
Project("{9A19103F-16F7-4668-BE54-9A1E7A4F7556}") = "SunMapper.UnitTests", "test\SunMapper.UnitTests\SunMapper.UnitTests.csproj", "{B19A1D21-AD1A-4E14-B5EB-AF4F1B753374}"
EndProject
Project("{FAE04EC0-301F-11D3-BF4B-00C04F79EFBC}") = "SunMapper", "src\SunMapper\SunMapper.csproj", "{3498460A-A047-4E89-A979-6EB76FFA8533}"
EndProject
Project("{FAE04EC0-301F-11D3-BF4B-00C04F79EFBC}") = "SunMapper.Common", "src\SunMapper.Common\SunMapper.Common.csproj", "{9B4B4C89-9FDE-4D2B-AFB2-8344DB5945A7}"
EndProject
Project("{FAE04EC0-301F-11D3-BF4B-00C04F79EFBC}") = "SunMapper.Benchmarks", "benchmarks\SunMapper.Benchmarks\SunMapper.Benchmarks.csproj", "{F9134119-A9ED-49D9-912D-FEA21A2DAE9D}"
EndProject
Project("{2150E333-8FDC-42A3-9474-1A3956D46DE8}") = "src", "src", "{3F3CA7B6-A9C7-4BD9-AA07-53C7703B2603}"
EndProject
Project("{2150E333-8FDC-42A3-9474-1A3956D46DE8}") = "tests", "tests", "{2AF5B4BB-996F-4384-9CAD-BD0DBCBC5301}"
EndProject
Project("{2150E333-8FDC-42A3-9474-1A3956D46DE8}") = "benchmarks", "benchmarks", "{50B988CE-6F77-428A-86F7-094020372117}"
EndProject
Global
	GlobalSection(SolutionConfigurationPlatforms) = preSolution
		Debug|Any CPU = Debug|Any CPU
		Release|Any CPU = Release|Any CPU
	EndGlobalSection
	GlobalSection(ProjectConfigurationPlatforms) = postSolution
		{B19A1D21-AD1A-4E14-B5EB-AF4F1B753374}.Debug|Any CPU.ActiveCfg = Debug|Any CPU
		{B19A1D21-AD1A-4E14-B5EB-AF4F1B753374}.Debug|Any CPU.Build.0 = Debug|Any CPU
		{B19A1D21-AD1A-4E14-B5EB-AF4F1B753374}.Release|Any CPU.ActiveCfg = Release|Any CPU
		{B19A1D21-AD1A-4E14-B5EB-AF4F1B753374}.Release|Any CPU.Build.0 = Release|Any CPU
		{3498460A-A047-4E89-A979-6EB76FFA8533}.Debug|Any CPU.ActiveCfg = Debug|Any CPU
		{3498460A-A047-4E89-A979-6EB76FFA8533}.Debug|Any CPU.Build.0 = Debug|Any CPU
		{3498460A-A047-4E89-A979-6EB76FFA8533}.Release|Any CPU.ActiveCfg = Release|Any CPU
		{3498460A-A047-4E89-A979-6EB76FFA8533}.Release|Any CPU.Build.0 = Release|Any CPU
		{9B4B4C89-9FDE-4D2B-AFB2-8344DB5945A7}.Debug|Any CPU.ActiveCfg = Debug|Any CPU
		{9B4B4C89-9FDE-4D2B-AFB2-8344DB5945A7}.Debug|Any CPU.Build.0 = Debug|Any CPU
		{9B4B4C89-9FDE-4D2B-AFB2-8344DB5945A7}.Release|Any CPU.ActiveCfg = Release|Any CPU
		{9B4B4C89-9FDE-4D2B-AFB2-8344DB5945A7}.Release|Any CPU.Build.0 = Release|Any CPU
		{F9134119-A9ED-49D9-912D-FEA21A2DAE9D}.Debug|Any CPU.ActiveCfg = Debug|Any CPU
		{F9134119-A9ED-49D9-912D-FEA21A2DAE9D}.Debug|Any CPU.Build.0 = Debug|Any CPU
		{F9134119-A9ED-49D9-912D-FEA21A2DAE9D}.Release|Any CPU.ActiveCfg = Release|Any CPU
		{F9134119-A9ED-49D9-912D-FEA21A2DAE9D}.Release|Any CPU.Build.0 = Release|Any CPU
	EndGlobalSection
	GlobalSection(SolutionProperties) = preSolution
		HideSolutionNode = FALSE
	EndGlobalSection
	GlobalSection(ExtensibilityGlobals) = postSolution
		SolutionGuid = {E2189593-BBF5-4CA7-8E3D-A2E5DD602D33}
	EndGlobalSection
	GlobalSection(NestedProjects) = preSolution
		{3498460A-A047-4E89-A979-6EB76FFA8533} = {3F3CA7B6-A9C7-4BD9-AA07-53C7703B2603}
		{9B4B4C89-9FDE-4D2B-AFB2-8344DB5945A7} = {3F3CA7B6-A9C7-4BD9-AA07-53C7703B2603}
		{F9134119-A9ED-49D9-912D-FEA21A2DAE9D} = {50B988CE-6F77-428A-86F7-094020372117}
		{B19A1D21-AD1A-4E14-B5EB-AF4F1B753374} = {2AF5B4BB-996F-4384-9CAD-BD0DBCBC5301}
	EndGlobalSection
EndGlobal
